
Microsoft Visual Studio Solution File, Format Version 12.00
# Visual Studio 2012
Project("{f2a71f9b-5d33-465a-a702-920d77279786}") = "tutorials", "tutorials\tutorials.fsproj", "{6D9B7693-C26D-46E9-854B-FBA181A72270}"
EndProject
Project("{f2a71f9b-5d33-465a-a702-920d77279786}") = "cli", "cli\cli.fsproj", "{1954F4A0-34F0-48FB-861F-903551A85B66}"
EndProject
Project("{f2a71f9b-5d33-465a-a702-920d77279786}") = "types", "types\types.fsproj", "{F9E8F8AF-339E-4177-A491-840B41C3C615}"
EndProject
Project("{f2a71f9b-5d33-465a-a702-920d77279786}") = "lists", "lists\lists.fsproj", "{BB726D8E-18CB-43C7-ADE1-56BFC8CE25F8}"
EndProject
Project("{f2a71f9b-5d33-465a-a702-920d77279786}") = "collections", "collections\collections.fsproj", "{A7D7F4EC-C7B1-4C04-914C-862EF88808DE}"
EndProject
Project("{f2a71f9b-5d33-465a-a702-920d77279786}") = "finite_trees", "finite_trees\finite_trees.fsproj", "{C3491B3B-F9C6-4935-B036-E998D2C4A3F8}"
EndProject
Project("{f2a71f9b-5d33-465a-a702-920d77279786}") = "modules", "modules\modules.fsproj", "{4E2DA5B9-DA03-4EED-BF8D-07A8E2629F24}"
EndProject
Project("{f2a71f9b-5d33-465a-a702-920d77279786}") = "oo", "oo\oo.fsproj", "{62CD4755-8AB9-4B75-B415-B2B423039408}"
EndProject
Project("{f2a71f9b-5d33-465a-a702-920d77279786}") = "fp", "fp\fp.fsproj", "{170DAEEE-9AB7-48AD-8C6F-2459ACF32F93}"
EndProject
Project("{f2a71f9b-5d33-465a-a702-920d77279786}") = "patterns", "patterns\patterns.fsproj", "{91AE9293-F141-4CC7-B778-752424AA9AD3}"
EndProject
Global
	GlobalSection(SolutionConfigurationPlatforms) = preSolution
		Debug|x86 = Debug|x86
		Release|x86 = Release|x86
	EndGlobalSection
	GlobalSection(ProjectConfigurationPlatforms) = postSolution
		{6D9B7693-C26D-46E9-854B-FBA181A72270}.Debug|x86.ActiveCfg = Debug|x86
		{6D9B7693-C26D-46E9-854B-FBA181A72270}.Debug|x86.Build.0 = Debug|x86
		{6D9B7693-C26D-46E9-854B-FBA181A72270}.Release|x86.ActiveCfg = Release|x86
		{6D9B7693-C26D-46E9-854B-FBA181A72270}.Release|x86.Build.0 = Release|x86
		{1954F4A0-34F0-48FB-861F-903551A85B66}.Debug|x86.ActiveCfg = Debug|x86
		{1954F4A0-34F0-48FB-861F-903551A85B66}.Debug|x86.Build.0 = Debug|x86
		{1954F4A0-34F0-48FB-861F-903551A85B66}.Release|x86.ActiveCfg = Release|x86
		{1954F4A0-34F0-48FB-861F-903551A85B66}.Release|x86.Build.0 = Release|x86
		{F9E8F8AF-339E-4177-A491-840B41C3C615}.Debug|x86.ActiveCfg = Debug|x86
		{F9E8F8AF-339E-4177-A491-840B41C3C615}.Debug|x86.Build.0 = Debug|x86
		{F9E8F8AF-339E-4177-A491-840B41C3C615}.Release|x86.ActiveCfg = Release|x86
		{F9E8F8AF-339E-4177-A491-840B41C3C615}.Release|x86.Build.0 = Release|x86
		{BB726D8E-18CB-43C7-ADE1-56BFC8CE25F8}.Debug|x86.ActiveCfg = Debug|x86
		{BB726D8E-18CB-43C7-ADE1-56BFC8CE25F8}.Debug|x86.Build.0 = Debug|x86
		{BB726D8E-18CB-43C7-ADE1-56BFC8CE25F8}.Release|x86.ActiveCfg = Release|x86
		{BB726D8E-18CB-43C7-ADE1-56BFC8CE25F8}.Release|x86.Build.0 = Release|x86
		{A7D7F4EC-C7B1-4C04-914C-862EF88808DE}.Debug|x86.ActiveCfg = Debug|x86
		{A7D7F4EC-C7B1-4C04-914C-862EF88808DE}.Debug|x86.Build.0 = Debug|x86
		{A7D7F4EC-C7B1-4C04-914C-862EF88808DE}.Release|x86.ActiveCfg = Release|x86
		{A7D7F4EC-C7B1-4C04-914C-862EF88808DE}.Release|x86.Build.0 = Release|x86
		{C3491B3B-F9C6-4935-B036-E998D2C4A3F8}.Debug|x86.ActiveCfg = Debug|x86
		{C3491B3B-F9C6-4935-B036-E998D2C4A3F8}.Debug|x86.Build.0 = Debug|x86
		{C3491B3B-F9C6-4935-B036-E998D2C4A3F8}.Release|x86.ActiveCfg = Release|x86
		{C3491B3B-F9C6-4935-B036-E998D2C4A3F8}.Release|x86.Build.0 = Release|x86
		{4E2DA5B9-DA03-4EED-BF8D-07A8E2629F24}.Debug|x86.ActiveCfg = Debug|x86
		{4E2DA5B9-DA03-4EED-BF8D-07A8E2629F24}.Debug|x86.Build.0 = Debug|x86
		{4E2DA5B9-DA03-4EED-BF8D-07A8E2629F24}.Release|x86.ActiveCfg = Release|x86
		{4E2DA5B9-DA03-4EED-BF8D-07A8E2629F24}.Release|x86.Build.0 = Release|x86
		{62CD4755-8AB9-4B75-B415-B2B423039408}.Debug|x86.ActiveCfg = Debug|Any CPU
		{62CD4755-8AB9-4B75-B415-B2B423039408}.Debug|x86.Build.0 = Debug|Any CPU
		{62CD4755-8AB9-4B75-B415-B2B423039408}.Release|x86.ActiveCfg = Release|Any CPU
		{62CD4755-8AB9-4B75-B415-B2B423039408}.Release|x86.Build.0 = Release|Any CPU
		{170DAEEE-9AB7-48AD-8C6F-2459ACF32F93}.Debug|x86.ActiveCfg = Debug|Any CPU
		{170DAEEE-9AB7-48AD-8C6F-2459ACF32F93}.Debug|x86.Build.0 = Debug|Any CPU
		{170DAEEE-9AB7-48AD-8C6F-2459ACF32F93}.Release|x86.ActiveCfg = Release|Any CPU
		{170DAEEE-9AB7-48AD-8C6F-2459ACF32F93}.Release|x86.Build.0 = Release|Any CPU
		{91AE9293-F141-4CC7-B778-752424AA9AD3}.Debug|x86.ActiveCfg = Debug|Any CPU
		{91AE9293-F141-4CC7-B778-752424AA9AD3}.Debug|x86.Build.0 = Debug|Any CPU
		{91AE9293-F141-4CC7-B778-752424AA9AD3}.Release|x86.ActiveCfg = Release|Any CPU
		{91AE9293-F141-4CC7-B778-752424AA9AD3}.Release|x86.Build.0 = Release|Any CPU
	EndGlobalSection
EndGlobal
